
Microsoft Visual Studio Solution File, Format Version 12.00
# Visual Studio Version 16
VisualStudioVersion = 16.0.810.14
MinimumVisualStudioVersion = 10.0.40219.1
Project("{FAE04EC0-301F-11D3-BF4B-00C04F79EFBC}") = "OrderApi", "OrderApi.csproj", "{7B0C5C57-7C4C-431C-BF7A-1ED3A8B6FFD5}"
EndProject
Global
	GlobalSection(SolutionConfigurationPlatforms) = preSolution
		Debug|Any CPU = Debug|Any CPU
		Release|Any CPU = Release|Any CPU
	EndGlobalSection
	GlobalSection(ProjectConfigurationPlatforms) = postSolution
		{7B0C5C57-7C4C-431C-BF7A-1ED3A8B6FFD5}.Debug|Any CPU.ActiveCfg = Debug|Any CPU
		{7B0C5C57-7C4C-431C-BF7A-1ED3A8B6FFD5}.Debug|Any CPU.Build.0 = Debug|Any CPU
		{7B0C5C57-7C4C-431C-BF7A-1ED3A8B6FFD5}.Release|Any CPU.ActiveCfg = Release|Any CPU
		{7B0C5C57-7C4C-431C-BF7A-1ED3A8B6FFD5}.Release|Any CPU.Build.0 = Release|Any CPU
	EndGlobalSection
	GlobalSection(SolutionProperties) = preSolution
		HideSolutionNode = FALSE
	EndGlobalSection
	GlobalSection(ExtensibilityGlobals) = postSolution
		SolutionGuid = {BAC357C9-2C28-4B12-B91D-C1F07F46C752}
	EndGlobalSection
EndGlobal
